dependencies:
  espressif/mdns:
    component_hash: 3d16bbbb5531a04cdc2ec5cc9a961e0e7380710ed4128ce87496daf0d73dda89
    dependencies:
    - name: idf
      require: private
      version: '>=5.0'
    source:
      registry_url: https://components.espressif.com/
      type: service
    version: 1.5.0
  idf:
    source:
      type: idf
    version: 5.5.3
direct_dependencies:
- espressif/mdns
- idf
manifest_hash: e055d8162f80de84b4c96372fb3d61fa216359a8f5d79e5b1e11096701f6b64c
target: esp32s3
version: 2.0.0
